
Microsoft Visual Studio Solution File, Format Version 12.00
# Visual Studio Version 17
VisualStudioVersion = 17.7.34024.191
MinimumVisualStudioVersion = 10.0.40219.1
Project("{FAE04EC0-301F-11D3-BF4B-00C04F79EFBC}") = "OpportunityApproval", "OpportunityApproval\OpportunityApproval.csproj", "{56514A56-E8A5-417C-B8A8-6C88632A6377}"
EndProject
Project("{FAE04EC0-301F-11D3-BF4B-00C04F79EFBC}") = "InvoiceGenerationPlugin", "InvoiceGenerationPlugin\InvoiceGenerationPlugin.csproj", "{09AE152C-A93A-41F4-B513-D0BB43A75559}"
EndProject
Global
	GlobalSection(SolutionConfigurationPlatforms) = preSolution
		Debug|Any CPU = Debug|Any CPU
		Release|Any CPU = Release|Any CPU
	EndGlobalSection
	GlobalSection(ProjectConfigurationPlatforms) = postSolution
		{56514A56-E8A5-417C-B8A8-6C88632A6377}.Debug|Any CPU.ActiveCfg = Debug|Any CPU
		{56514A56-E8A5-417C-B8A8-6C88632A6377}.Debug|Any CPU.Build.0 = Debug|Any CPU
		{56514A56-E8A5-417C-B8A8-6C88632A6377}.Release|Any CPU.ActiveCfg = Release|Any CPU
		{56514A56-E8A5-417C-B8A8-6C88632A6377}.Release|Any CPU.Build.0 = Release|Any CPU
		{09AE152C-A93A-41F4-B513-D0BB43A75559}.Debug|Any CPU.ActiveCfg = Debug|Any CPU
		{09AE152C-A93A-41F4-B513-D0BB43A75559}.Debug|Any CPU.Build.0 = Debug|Any CPU
		{09AE152C-A93A-41F4-B513-D0BB43A75559}.Release|Any CPU.ActiveCfg = Release|Any CPU
		{09AE152C-A93A-41F4-B513-D0BB43A75559}.Release|Any CPU.Build.0 = Release|Any CPU
	EndGlobalSection
	GlobalSection(SolutionProperties) = preSolution
		HideSolutionNode = FALSE
	EndGlobalSection
	GlobalSection(ExtensibilityGlobals) = postSolution
		SolutionGuid = {69EB4EF0-B163-483E-81B9-EC164EAEC5F8}
	EndGlobalSection
EndGlobal
